
Microsoft Visual Studio Solution File, Format Version 12.00
# Visual Studio Version 17
VisualStudioVersion = 17.0.31903.59
MinimumVisualStudioVersion = 10.0.40219.1
Project("{FAE04EC0-301F-11D3-BF4B-00C04F79EFBC}") = "BlazorApp1", "BlazorApp1\BlazorApp1.csproj", "{B17F3AFE-9C37-4BC7-B294-A22DBF06F122}"
EndProject
Project("{2150E333-8FDC-42A3-9474-1A3956D46DE8}") = "Loja.Api", "Loja.Api", "{CB431726-0F80-2F26-7FFD-0F233FDFCA18}"
EndProject
Project("{FAE04EC0-301F-11D3-BF4B-00C04F79EFBC}") = "Loja.Api", "Loja.Api\Loja.Api\Loja.Api.csproj", "{84B7BFF4-4B82-4669-9528-CEFCC49F5B4A}"
EndProject
Project("{2150E333-8FDC-42A3-9474-1A3956D46DE8}") = "Loja.DTO", "Loja.DTO", "{443E5306-A16D-46B4-30A6-15B7802507D5}"
EndProject
Project("{FAE04EC0-301F-11D3-BF4B-00C04F79EFBC}") = "Loja.DTO", "Loja.DTO\Loja.DTO\Loja.DTO.csproj", "{FC55BA78-6F89-4E72-A1AF-58B6593C2A7D}"
EndProject
Project("{2150E333-8FDC-42A3-9474-1A3956D46DE8}") = "Loja.Infra", "Loja.Infra", "{F0470794-B17D-B27D-3F53-7477A401DF8E}"
EndProject
Project("{FAE04EC0-301F-11D3-BF4B-00C04F79EFBC}") = "Loja.Infra", "Loja.Infra\Loja.Infra\Loja.Infra.csproj", "{F1860A5E-4803-4F37-994D-600716219C3D}"
EndProject
Project("{2150E333-8FDC-42A3-9474-1A3956D46DE8}") = "Loja.Mappers", "Loja.Mappers", "{EDB9041B-2CBA-C9F5-66BC-A39BC55FE012}"
EndProject
Project("{FAE04EC0-301F-11D3-BF4B-00C04F79EFBC}") = "Loja.Mappers", "Loja.Mappers\Loja.Mappers\Loja.Mappers.csproj", "{7AE9912C-C3C1-4507-8F5D-8C04E0A2EC04}"
EndProject
Project("{2150E333-8FDC-42A3-9474-1A3956D46DE8}") = "Loja.Models", "Loja.Models", "{75AE0ECD-D41B-1264-6D99-0C1493C62186}"
EndProject
Project("{FAE04EC0-301F-11D3-BF4B-00C04F79EFBC}") = "Loja.Models", "Loja.Models\Loja.Models\Loja.Models.csproj", "{E11A8A56-A9E4-4CAB-B43F-072A9F90E240}"
EndProject
Project("{2150E333-8FDC-42A3-9474-1A3956D46DE8}") = "Loja.UseCases", "Loja.UseCases", "{3917F5E8-B03C-387E-A0B1-4F29D4D39578}"
EndProject
Project("{FAE04EC0-301F-11D3-BF4B-00C04F79EFBC}") = "Loja.UseCases", "Loja.UseCases\Loja.UseCases\Loja.UseCases.csproj", "{4AA49ECC-B3A1-40BF-9C6C-8BFDA76197DD}"
EndProject
Global
	GlobalSection(SolutionConfigurationPlatforms) = preSolution
		Debug|Any CPU = Debug|Any CPU
		Debug|x64 = Debug|x64
		Debug|x86 = Debug|x86
		Release|Any CPU = Release|Any CPU
		Release|x64 = Release|x64
		Release|x86 = Release|x86
	EndGlobalSection
	GlobalSection(ProjectConfigurationPlatforms) = postSolution
		{B17F3AFE-9C37-4BC7-B294-A22DBF06F122}.Debug|Any CPU.ActiveCfg = Debug|Any CPU
		{B17F3AFE-9C37-4BC7-B294-A22DBF06F122}.Debug|Any CPU.Build.0 = Debug|Any CPU
		{B17F3AFE-9C37-4BC7-B294-A22DBF06F122}.Debug|x64.ActiveCfg = Debug|Any CPU
		{B17F3AFE-9C37-4BC7-B294-A22DBF06F122}.Debug|x64.Build.0 = Debug|Any CPU
		{B17F3AFE-9C37-4BC7-B294-A22DBF06F122}.Debug|x86.ActiveCfg = Debug|Any CPU
		{B17F3AFE-9C37-4BC7-B294-A22DBF06F122}.Debug|x86.Build.0 = Debug|Any CPU
		{B17F3AFE-9C37-4BC7-B294-A22DBF06F122}.Release|Any CPU.ActiveCfg = Release|Any CPU
		{B17F3AFE-9C37-4BC7-B294-A22DBF06F122}.Release|Any CPU.Build.0 = Release|Any CPU
		{B17F3AFE-9C37-4BC7-B294-A22DBF06F122}.Release|x64.ActiveCfg = Release|Any CPU
		{B17F3AFE-9C37-4BC7-B294-A22DBF06F122}.Release|x64.Build.0 = Release|Any CPU
		{B17F3AFE-9C37-4BC7-B294-A22DBF06F122}.Release|x86.ActiveCfg = Release|Any CPU
		{B17F3AFE-9C37-4BC7-B294-A22DBF06F122}.Release|x86.Build.0 = Release|Any CPU
		{84B7BFF4-4B82-4669-9528-CEFCC49F5B4A}.Debug|Any CPU.ActiveCfg = Debug|Any CPU
		{84B7BFF4-4B82-4669-9528-CEFCC49F5B4A}.Debug|Any CPU.Build.0 = Debug|Any CPU
		{84B7BFF4-4B82-4669-9528-CEFCC49F5B4A}.Debug|x64.ActiveCfg = Debug|Any CPU
		{84B7BFF4-4B82-4669-9528-CEFCC49F5B4A}.Debug|x64.Build.0 = Debug|Any CPU
		{84B7BFF4-4B82-4669-9528-CEFCC49F5B4A}.Debug|x86.ActiveCfg = Debug|Any CPU
		{84B7BFF4-4B82-4669-9528-CEFCC49F5B4A}.Debug|x86.Build.0 = Debug|Any CPU
		{84B7BFF4-4B82-4669-9528-CEFCC49F5B4A}.Release|Any CPU.ActiveCfg = Release|Any CPU
		{84B7BFF4-4B82-4669-9528-CEFCC49F5B4A}.Release|Any CPU.Build.0 = Release|Any CPU
		{84B7BFF4-4B82-4669-9528-CEFCC49F5B4A}.Release|x64.ActiveCfg = Release|Any CPU
		{84B7BFF4-4B82-4669-9528-CEFCC49F5B4A}.Release|x64.Build.0 = Release|Any CPU
		{84B7BFF4-4B82-4669-9528-CEFCC49F5B4A}.Release|x86.ActiveCfg = Release|Any CPU
		{84B7BFF4-4B82-4669-9528-CEFCC49F5B4A}.Release|x86.Build.0 = Release|Any CPU
		{FC55BA78-6F89-4E72-A1AF-58B6593C2A7D}.Debug|Any CPU.ActiveCfg = Debug|Any CPU
		{FC55BA78-6F89-4E72-A1AF-58B6593C2A7D}.Debug|Any CPU.Build.0 = Debug|Any CPU
		{FC55BA78-6F89-4E72-A1AF-58B6593C2A7D}.Debug|x64.ActiveCfg = Debug|Any CPU
		{FC55BA78-6F89-4E72-A1AF-58B6593C2A7D}.Debug|x64.Build.0 = Debug|Any CPU
		{FC55BA78-6F89-4E72-A1AF-58B6593C2A7D}.Debug|x86.ActiveCfg = Debug|Any CPU
		{FC55BA78-6F89-4E72-A1AF-58B6593C2A7D}.Debug|x86.Build.0 = Debug|Any CPU
		{FC55BA78-6F89-4E72-A1AF-58B6593C2A7D}.Release|Any CPU.ActiveCfg = Release|Any CPU
		{FC55BA78-6F89-4E72-A1AF-58B6593C2A7D}.Release|Any CPU.Build.0 = Release|Any CPU
		{FC55BA78-6F89-4E72-A1AF-58B6593C2A7D}.Release|x64.ActiveCfg = Release|Any CPU
		{FC55BA78-6F89-4E72-A1AF-58B6593C2A7D}.Release|x64.Build.0 = Release|Any CPU
		{FC55BA78-6F89-4E72-A1AF-58B6593C2A7D}.Release|x86.ActiveCfg = Release|Any CPU
		{FC55BA78-6F89-4E72-A1AF-58B6593C2A7D}.Release|x86.Build.0 = Release|Any CPU
		{F1860A5E-4803-4F37-994D-600716219C3D}.Debug|Any CPU.ActiveCfg = Debug|Any CPU
		{F1860A5E-4803-4F37-994D-600716219C3D}.Debug|Any CPU.Build.0 = Debug|Any CPU
		{F1860A5E-4803-4F37-994D-600716219C3D}.Debug|x64.ActiveCfg = Debug|Any CPU
		{F1860A5E-4803-4F37-994D-600716219C3D}.Debug|x64.Build.0 = Debug|Any CPU
		{F1860A5E-4803-4F37-994D-600716219C3D}.Debug|x86.ActiveCfg = Debug|Any CPU
		{F1860A5E-4803-4F37-994D-600716219C3D}.Debug|x86.Build.0 = Debug|Any CPU
		{F1860A5E-4803-4F37-994D-600716219C3D}.Release|Any CPU.ActiveCfg = Release|Any CPU
		{F1860A5E-4803-4F37-994D-600716219C3D}.Release|Any CPU.Build.0 = Release|Any CPU
		{F1860A5E-4803-4F37-994D-600716219C3D}.Release|x64.ActiveCfg = Release|Any CPU
		{F1860A5E-4803-4F37-994D-600716219C3D}.Release|x64.Build.0 = Release|Any CPU
		{F1860A5E-4803-4F37-994D-600716219C3D}.Release|x86.ActiveCfg = Release|Any CPU
		{F1860A5E-4803-4F37-994D-600716219C3D}.Release|x86.Build.0 = Release|Any CPU
		{7AE9912C-C3C1-4507-8F5D-8C04E0A2EC04}.Debug|Any CPU.ActiveCfg = Debug|Any CPU
		{7AE9912C-C3C1-4507-8F5D-8C04E0A2EC04}.Debug|Any CPU.Build.0 = Debug|Any CPU
		{7AE9912C-C3C1-4507-8F5D-8C04E0A2EC04}.Debug|x64.ActiveCfg = Debug|Any CPU
		{7AE9912C-C3C1-4507-8F5D-8C04E0A2EC04}.Debug|x64.Build.0 = Debug|Any CPU
		{7AE9912C-C3C1-4507-8F5D-8C04E0A2EC04}.Debug|x86.ActiveCfg = Debug|Any CPU
		{7AE9912C-C3C1-4507-8F5D-8C04E0A2EC04}.Debug|x86.Build.0 = Debug|Any CPU
		{7AE9912C-C3C1-4507-8F5D-8C04E0A2EC04}.Release|Any CPU.ActiveCfg = Release|Any CPU
		{7AE9912C-C3C1-4507-8F5D-8C04E0A2EC04}.Release|Any CPU.Build.0 = Release|Any CPU
		{7AE9912C-C3C1-4507-8F5D-8C04E0A2EC04}.Release|x64.ActiveCfg = Release|Any CPU
		{7AE9912C-C3C1-4507-8F5D-8C04E0A2EC04}.Release|x64.Build.0 = Release|Any CPU
		{7AE9912C-C3C1-4507-8F5D-8C04E0A2EC04}.Release|x86.ActiveCfg = Release|Any CPU
		{7AE9912C-C3C1-4507-8F5D-8C04E0A2EC04}.Release|x86.Build.0 = Release|Any CPU
		{E11A8A56-A9E4-4CAB-B43F-072A9F90E240}.Debug|Any CPU.ActiveCfg = Debug|Any CPU
		{E11A8A56-A9E4-4CAB-B43F-072A9F90E240}.Debug|Any CPU.Build.0 = Debug|Any CPU
		{E11A8A56-A9E4-4CAB-B43F-072A9F90E240}.Debug|x64.ActiveCfg = Debug|Any CPU
		{E11A8A56-A9E4-4CAB-B43F-072A9F90E240}.Debug|x64.Build.0 = Debug|Any CPU
		{E11A8A56-A9E4-4CAB-B43F-072A9F90E240}.Debug|x86.ActiveCfg = Debug|Any CPU
		{E11A8A56-A9E4-4CAB-B43F-072A9F90E240}.Debug|x86.Build.0 = Debug|Any CPU
		{E11A8A56-A9E4-4CAB-B43F-072A9F90E240}.Release|Any CPU.ActiveCfg = Release|Any CPU
		{E11A8A56-A9E4-4CAB-B43F-072A9F90E240}.Release|Any CPU.Build.0 = Release|Any CPU
		{E11A8A56-A9E4-4CAB-B43F-072A9F90E240}.Release|x64.ActiveCfg = Release|Any CPU
		{E11A8A56-A9E4-4CAB-B43F-072A9F90E240}.Release|x64.Build.0 = Release|Any CPU
		{E11A8A56-A9E4-4CAB-B43F-072A9F90E240}.Release|x86.ActiveCfg = Release|Any CPU
		{E11A8A56-A9E4-4CAB-B43F-072A9F90E240}.Release|x86.Build.0 = Release|Any CPU
		{4AA49ECC-B3A1-40BF-9C6C-8BFDA76197DD}.Debug|Any CPU.ActiveCfg = Debug|Any CPU
		{4AA49ECC-B3A1-40BF-9C6C-8BFDA76197DD}.Debug|Any CPU.Build.0 = Debug|Any CPU
		{4AA49ECC-B3A1-40BF-9C6C-8BFDA76197DD}.Debug|x64.ActiveCfg = Debug|Any CPU
		{4AA49ECC-B3A1-40BF-9C6C-8BFDA76197DD}.Debug|x64.Build.0 = Debug|Any CPU
		{4AA49ECC-B3A1-40BF-9C6C-8BFDA76197DD}.Debug|x86.ActiveCfg = Debug|Any CPU
		{4AA49ECC-B3A1-40BF-9C6C-8BFDA76197DD}.Debug|x86.Build.0 = Debug|Any CPU
		{4AA49ECC-B3A1-40BF-9C6C-8BFDA76197DD}.Release|Any CPU.ActiveCfg = Release|Any CPU
		{4AA49ECC-B3A1-40BF-9C6C-8BFDA76197DD}.Release|Any CPU.Build.0 = Release|Any CPU
		{4AA49ECC-B3A1-40BF-9C6C-8BFDA76197DD}.Release|x64.ActiveCfg = Release|Any CPU
		{4AA49ECC-B3A1-40BF-9C6C-8BFDA76197DD}.Release|x64.Build.0 = Release|Any CPU
		{4AA49ECC-B3A1-40BF-9C6C-8BFDA76197DD}.Release|x86.ActiveCfg = Release|Any CPU
		{4AA49ECC-B3A1-40BF-9C6C-8BFDA76197DD}.Release|x86.Build.0 = Release|Any CPU
	EndGlobalSection
	GlobalSection(SolutionProperties) = preSolution
		HideSolutionNode = FALSE
	EndGlobalSection
	GlobalSection(NestedProjects) = preSolution
		{84B7BFF4-4B82-4669-9528-CEFCC49F5B4A} = {CB431726-0F80-2F26-7FFD-0F233FDFCA18}
		{FC55BA78-6F89-4E72-A1AF-58B6593C2A7D} = {443E5306-A16D-46B4-30A6-15B7802507D5}
		{F1860A5E-4803-4F37-994D-600716219C3D} = {F0470794-B17D-B27D-3F53-7477A401DF8E}
		{7AE9912C-C3C1-4507-8F5D-8C04E0A2EC04} = {EDB9041B-2CBA-C9F5-66BC-A39BC55FE012}
		{E11A8A56-A9E4-4CAB-B43F-072A9F90E240} = {75AE0ECD-D41B-1264-6D99-0C1493C62186}
		{4AA49ECC-B3A1-40BF-9C6C-8BFDA76197DD} = {3917F5E8-B03C-387E-A0B1-4F29D4D39578}
	EndGlobalSection
EndGlobal
